# generated by rye
# use `rye lock` or `rye sync` to update this lockfile
#
# last locked with the following flags:
#   pre: false
#   features: []
#   all-features: false
#   with-sources: false

-e file:.
certifi==2024.2.2
    # via requests
charset-normalizer==3.3.2
    # via requests
idna==3.6
    # via requests
pyyaml==6.0.1
    # via rime-configuration
requests==2.31.0
    # via rime-configuration
urllib3==2.2.1
    # via requests
